// !$*UTF8*$!
{
	archiveVersion = 1;
	classes = {
	};
	objectVersion = 46;
	objects = {

/* Begin PBXBuildFile section */
		0532BAFC1955CE3F00210DF3 /* main.c in Sources */ = {isa = PBXBuildFile; fileRef = 0532BAFB1955CE3F00210DF3 /* main.c */; };
/* End PBXBuildFile section */

/* Begin PBXCopyFilesBuildPhase section */
		0532BAF61955CE3F00210DF3 /* CopyFiles */ = {
			isa = PBXCopyFilesBuildPhase;
			buildActionMask = 2147483647;
			dstPath = /usr/share/man/man1/;
			dstSubfolderSpec = 0;
			files = (
			);
			runOnlyForDeploymentPostprocessing = 1;
		};
/* End PBXCopyFilesBuildPhase section */

/* Begin PBXFileReference section */
		0532BAF81955CE3F00210DF3 /* exercise_zigzag */ = {isa = PBXFileReference; explicitFileType = "compiled.mach-o.executable"; includeInIndex = 0; path = exercise_zigzag; sourceTree = BUILT_PRODUCTS_DIR; };
		0532BAFB1955CE3F00210DF3 /* main.c */ = {isa = PBXFileReference; lastKnownFileType = sourcecode.c.c; path = main.c; sourceTree = "<group>"; };
		0592FA02196B1DE800E5B6F1 /* variablesForZigzag.h */ = {isa = PBXFileReference; lastKnownFileType = sourcecode.c.h; path = variablesForZigzag.h; sourceTree = "<group>"; };
/* End PBXFileReference section */

/* Begin PBXFrameworksBuildPhase section */
		0532BAF51955CE3F00210DF3 /* Frameworks */ = {
			isa = PBXFrameworksBuildPhase;
			buildActionMask = 2147483647;
			files = (
			);
			runOnlyForDeploymentPostprocessing = 0;
		};
/* End PBXFrameworksBuildPhase section */

/* Begin PBXGroup section */
		0532BAEF1955CE3F00210DF3 = {
			isa = PBXGroup;
			children = (
				0532BAFA1955CE3F00210DF3 /* exercise_zigzag */,
				0532BAF91955CE3F00210DF3 /* Products */,
			);
			sourceTree = "<group>";
		};
		0532BAF91955CE3F00210DF3 /* Products */ = {
			isa = PBXGroup;
			children = (
				0532BAF81955CE3F00210DF3 /* exercise_zigzag */,
			);
			name = Products;
			sourceTree = "<group>";
		};
		0532BAFA1955CE3F00210DF3 /* exercise_zigzag */ = {
			isa = PBXGroup;
			children = (
				0532BAFB1955CE3F00210DF3 /* main.c */,
				0592FA02196B1DE800E5B6F1 /* variablesForZigzag.h */,
			);
			path = exercise_zigzag;
			sourceTree = "<group>";
		};
/* End PBXGroup section */

/* Begin PBXNativeTarget section */
		0532BAF71955CE3F00210DF3 /* exercise_zigzag */ = {
			isa = PBXNativeTarget;
			buildConfigurationList = 0532BAFF1955CE3F00210DF3 /* Build configuration list for PBXNativeTarget "exercise_zigzag" */;
			buildPhases = (
				0532BAF41955CE3F00210DF3 /* Sources */,
				0532BAF51955CE3F00210DF3 /* Frameworks */,
				0532BAF61955CE3F00210DF3 /* CopyFiles */,
			);
			buildRules = (
			);
			dependencies = (
			);
			name = exercise_zigzag;
			productName = exercise_zigzag;
			productReference = 0532BAF81955CE3F00210DF3 /* exercise_zigzag */;
			productType = "com.apple.product-type.tool";
		};
/* End PBXNativeTarget section */

/* Begin PBXProject section */
		0532BAF01955CE3F00210DF3 /* Project object */ = {
			isa = PBXProject;
			attributes = {
				LastUpgradeCheck = 0600;
				ORGANIZATIONNAME = "Adam Albarghouthi";
				TargetAttributes = {
					0532BAF71955CE3F00210DF3 = {
						CreatedOnToolsVersion = 6.0;
					};
				};
			};
			buildConfigurationList = 0532BAF31955CE3F00210DF3 /* Build configuration list for PBXProject "exercise_zigzag" */;
			compatibilityVersion = "Xcode 3.2";
			developmentRegion = English;
			hasScannedForEncodings = 0;
			knownRegions = (
				en,
			);
			mainGroup = 0532BAEF1955CE3F00210DF3;
			productRefGroup = 0532BAF91955CE3F00210DF3 /* Products */;
			projectDirPath = "";
			projectRoot = "";
			targets = (
				0532BAF71955CE3F00210DF3 /* exercise_zigzag */,
			);
		};
/* End PBXProject section */

/* Begin PBXSourcesBuildPhase section */
		0532BAF41955CE3F00210DF3 /* Sources */ = {
			isa = PBXSourcesBuildPhase;
			buildActionMask = 2147483647;
			files = (
				0532BAFC1955CE3F00210DF3 /* main.c in Sources */,
			);
			runOnlyForDeploymentPostprocessing = 0;
		};
/* End PBXSourcesBuildPhase section */

/* Begin XCBuildConfiguration section */
		0532BAFD1955CE3F00210DF3 /* Debug */ = {
			isa = XCBuildConfiguration;
			buildSettings = {
				ALWAYS_SEARCH_USER_PATHS = NO;
				CLANG_CXX_LANGUAGE_STANDARD = "gnu++0x";
				CLANG_CXX_LIBRARY = "libc++";
				CLANG_ENABLE_MODULES = YES;
				CLANG_ENABLE_OBJC_ARC = YES;
				CLANG_WARN_BOOL_CONVERSION = YES;
				CLANG_WARN_CONSTANT_CONVERSION = YES;
				CLANG_WARN_DIRECT_OBJC_ISA_USAGE = YES_ERROR;
				CLANG_WARN_EMPTY_BODY = YES;
				CLANG_WARN_ENUM_CONVERSION = YES;
				CLANG_WARN_INT_CONVERSION = YES;
				CLANG_WARN_OBJC_ROOT_CLASS = YES_ERROR;
				CLANG_WARN_UNREACHABLE_CODE = YES;
				CLANG_WARN__DUPLICATE_METHOD_MATCH = YES;
				COPY_PHASE_STRIP = NO;
				ENABLE_STRICT_OBJC_MSGSEND = YES;
				GCC_C_LANGUAGE_STANDARD = gnu99;
				GCC_DYNAMIC_NO_PIC = NO;
				GCC_OPTIMIZATION_LEVEL = 0;
				GCC_PREPROCESSOR_DEFINITIONS = (
					"DEBUG=1",
					"$(inherited)",
				);
				GCC_SYMBOLS_PRIVATE_EXTERN = NO;
				GCC_WARN_64_TO_32_BIT_CONVERSION = YES;
				GCC_WARN_ABOUT_RETURN_TYPE = YES_ERROR;
				GCC_WARN_UNDECLARED_SELECTOR = YES;
				GCC_WARN_UNINITIALIZED_AUTOS = YES_AGGRESSIVE;
				GCC_WARN_UNUSED_FUNCTION = YES;
				GCC_WARN_UNUSED_VARIABLE = YES;
				MACOSX_DEPLOYMENT_TARGET = 10.9;
				METAL_ENABLE_DEBUG_INFO = YES;
				ONLY_ACTIVE_ARCH = YES;
				SDKROOT = macosx;
			};
			name = Debug;
		};
		0532BAFE1955CE3F00210DF3 /* Release */ = {
			isa = XCBuildConfiguration;
			buildSettings = {
				ALWAYS_SEARCH_USER_PATHS = NO;
				CLANG_CXX_LANGUAGE_STANDARD = "gnu++0x";
				CLANG_CXX_LIBRARY = "libc++";
				CLANG_ENABLE_MODULES = YES;
				CLANG_ENABLE_OBJC_ARC = YES;
				CLANG_WARN_BOOL_CONVERSION = YES;
				CLANG_WARN_CONSTANT_CONVERSION = YES;
				CLANG_WARN_DIRECT_OBJC_ISA_USAGE = YES_ERROR;
				CLANG_WARN_EMPTY_BODY = YES;
				CLANG_WARN_ENUM_CONVERSION = YES;
				CLANG_WARN_INT_CONVERSION = YES;
				CLANG_WARN_OBJC_ROOT_CLASS = YES_ERROR;
				CLANG_WARN_UNREACHABLE_CODE = YES;
				CLANG_WARN__DUPLICATE_METHOD_MATCH = YES;
				COPY_PHASE_STRIP = YES;
				DEBUG_INFORMATION_FORMAT = "dwarf-with-dsym";
				ENABLE_NS_ASSERTIONS = NO;
				ENABLE_STRICT_OBJC_MSGSEND = YES;
				GCC_C_LANGUAGE_STANDARD = gnu99;
				GCC_WARN_64_TO_32_BIT_CONVERSION = YES;
				GCC_WARN_ABOUT_RETURN_TYPE = YES_ERROR;
				GCC_WARN_UNDECLARED_SELECTOR = YES;
				GCC_WARN_UNINITIALIZED_AUTOS = YES_AGGRESSIVE;
				GCC_WARN_UNUSED_FUNCTION = YES;
				GCC_WARN_UNUSED_VARIABLE = YES;
				MACOSX_DEPLOYMENT_TARGET = 10.9;
				METAL_ENABLE_DEBUG_INFO = NO;
				SDKROOT = macosx;
			};
			name = Release;
		};
		0532BB001955CE3F00210DF3 /* Debug */ = {
			isa = XCBuildConfiguration;
			buildSettings = {
				PRODUCT_NAME = "$(TARGET_NAME)";
			};
			name = Debug;
		};
		0532BB011955CE3F00210DF3 /* Release */ = {
			isa = XCBuildConfiguration;
			buildSettings = {
				PRODUCT_NAME = "$(TARGET_NAME)";
			};
			name = Release;
		};
/* End XCBuildConfiguration section */

/* Begin XCConfigurationList section */
		0532BAF31955CE3F00210DF3 /* Build configuration list for PBXProject "exercise_zigzag" */ = {
			isa = XCConfigurationList;
			buildConfigurations = (
				0532BAFD1955CE3F00210DF3 /* Debug */,
				0532BAFE1955CE3F00210DF3 /* Release */,
			);
			defaultConfigurationIsVisible = 0;
			defaultConfigurationName = Release;
		};
		0532BAFF1955CE3F00210DF3 /* Build configuration list for PBXNativeTarget "exercise_zigzag" */ = {
			isa = XCConfigurationList;
			buildConfigurations = (
				0532BB001955CE3F00210DF3 /* Debug */,
				0532BB011955CE3F00210DF3 /* Release */,
			);
			defaultConfigurationIsVisible = 0;
			defaultConfigurationName = Release;
		};
/* End XCConfigurationList section */
	};
	rootObject = 0532BAF01955CE3F00210DF3 /* Project object */;
}
